PODS:
  - AFNetworking (4.0.1):
    - AFNetworking/NSURLSession (= 4.0.1)
    - AFNetworking/Reachability (= 4.0.1)
    - AFNetworking/Security (= 4.0.1)
    - AFNetworking/Serialization (= 4.0.1)
    - AFNetworking/UIKit (= 4.0.1)
  - AFNetworking/NSURLSession (4.0.1):
    - AFNetworking/Reachability
    - AFNetworking/Security
    - AFNetworking/Serialization
  - AFNetworking/Reachability (4.0.1)
  - AFNetworking/Security (4.0.1)
  - AFNetworking/Serialization (4.0.1)
  - AFNetworking/UIKit (4.0.1):
    - AFNetworking/NSURLSession
  - Alamofire (4.9.1)
  - Loop (1.0.0):
    - ReactiveSwift
  - ReactiveSwift (6.3.0)

DEPENDENCIES:
  - AFNetworking
  - Alamofire (from `PodBuilder/Prebuilt/Alamofire`)
  - Loop (from `PodBuilder/Prebuilt/Loop`)
  - ReactiveSwift (from `PodBuilder/Prebuilt/ReactiveSwift`)

SPEC REPOS:
  trunk:
    - AFNetworking

EXTERNAL SOURCES:
  Alamofire:
    :path: PodBuilder/Prebuilt/Alamofire
  Loop:
    :path: PodBuilder/Prebuilt/Loop
  ReactiveSwift:
    :path: PodBuilder/Prebuilt/ReactiveSwift

SPEC CHECKSUMS:
  AFNetworking: 7864c38297c79aaca1500c33288e429c3451fdce
  Alamofire: b8572e0bad3a5e45c1779fd31678eef73036621f
  Loop: b0429d85064014495669fa9a2adf6bdc4885a4c4
  ReactiveSwift: fa769369fcfaff6c9fad55eafb2e9439b0233305

PODFILE CHECKSUM: 2762699719e2636c0db0aa6e73c340f3317a6b46

COCOAPODS: 1.10.0.beta.2
